PODS:
  - EasyReact (1.1.0):
    - ZTuple (= 1.2.0)
  - Nimble (7.0.1)
  - Quick (1.1.0)
  - ReactiveCocoa (2.5):
    - ReactiveCocoa/UI (= 2.5)
  - ReactiveCocoa/Core (2.5):
    - ReactiveCocoa/no-arc
  - ReactiveCocoa/no-arc (2.5)
  - ReactiveCocoa/UI (2.5):
    - ReactiveCocoa/Core
  - RxSwift (3.6.1)
  - ZTuple (1.2.0)

DEPENDENCIES:
  - EasyReact (from `../`)
  - Nimble
  - Quick
  - ReactiveCocoa (= 2.5.0)
  - RxSwift (~> 3.0)

SPEC REPOS:
  https://github.com/cocoapods/specs.git:
    - Nimble
    - Quick
    - ReactiveCocoa
    - RxSwift
    - ZTuple

EXTERNAL SOURCES:
  EasyReact:
    :path: "../"

SPEC CHECKSUMS:
  EasyReact: 0a95db95280323e1279c79a136cef4d710c95d0b
  Nimble: 657d000e11df8aebe27cdaf9d244de7f30ed87f7
  Quick: dafc587e21eed9f4cab3249b9f9015b0b7a7f71d
  ReactiveCocoa: e2db045570aa97c695e7aa97c2bcab222ae51f4a
  RxSwift: f9de85ea20cd2f7716ee5409fc13523dc638e4e4
  ZTuple: d9e035c656eab315a204db91481a792e68a106b2

PODFILE CHECKSUM: 2a93b6a7e3362543e88e926113a6b2b59d595071

COCOAPODS: 1.5.3
