PODS:
  - EasyFoundation (1.0.0-alpha):
    - EasySequence (~> 1.3.0)
    - EasyTuple (~> 1.1.0)
  - EasyReact (2.2.0):
    - EasyFoundation (~> 1.0.0-alpha)
  - EasySequence (1.3.0)
  - EasyTuple (1.1.2)
  - Nimble (7.1.2)
  - Quick (1.3.0)
  - ReactiveCocoa (2.5):
    - ReactiveCocoa/UI (= 2.5)
  - ReactiveCocoa/Core (2.5):
    - ReactiveCocoa/no-arc
  - ReactiveCocoa/no-arc (2.5)
  - ReactiveCocoa/UI (2.5):
    - ReactiveCocoa/Core
  - RxSwift (4.2.0)

DEPENDENCIES:
  - EasyReact (from `../`)
  - Nimble
  - Quick
  - ReactiveCocoa (= 2.5)
  - RxSwift

SPEC REPOS:
  https://github.com/cocoapods/specs.git:
    - EasyFoundation
    - EasySequence
    - EasyTuple
    - Nimble
    - Quick
    - ReactiveCocoa
    - RxSwift

EXTERNAL SOURCES:
  EasyReact:
    :path: "../"

SPEC CHECKSUMS:
  EasyFoundation: 4e9d857324ec44142311584189ccadc67677d36a
  EasyReact: 531026ea7c6e250b12e2378986c130889455b6b5
  EasySequence: 1db9bb7b915052d3589d79c30ece1f0e160af550
  EasyTuple: a6a068ab3aa47e899a0c9f9ee23ddb394542ea9e
  Nimble: 3835ba9f459daa6b347f8a8e110aaae8ca1920a8
  Quick: 03278013f71aa05fe9ecabc94fbcc6835f1ee76f
  ReactiveCocoa: e2db045570aa97c695e7aa97c2bcab222ae51f4a
  RxSwift: 99e10317ddfcc7fbe01356aafd118fde4a0be104

PODFILE CHECKSUM: fd1e19443b5466e1642b1f95f54d98dfcc5b6b58

COCOAPODS: 1.5.3
